<?xml version="1.0" encoding="utf-8"?>
<Project ToolsVersion="4.0" xmlns="http://schemas.microsoft.com/developer/msbuild/2003">
  <ItemGroup>
    <Filter Include="Source Files">
      <UniqueIdentifier>{4FC737F1-C7A5-4376-A066-2A32D752A2FF}</UniqueIdentifier>
      <Extensions>cpp;c;cc;cxx;def;odl;idl;hpj;bat;asm;asmx</Extensions>
    </Filter>
    <Filter Include="Header Files">
      <UniqueIdentifier>{93995380-89BD-4b04-88EB-625FBE52EBFB}</UniqueIdentifier>
      <Extensions>h;hh;hpp;hxx;hm;inl;inc;xsd</Extensions>
    </Filter>
    <Filter Include="Resource Files">
      <UniqueIdentifier>{67DA6AB6-F800-4c08-8B7A-83BB121AAD01}</UniqueIdentifier>
      <Extensions>rc;ico;cur;bmp;dlg;rc2;rct;bin;rgs;gif;jpg;jpeg;jpe;resx;tiff;tif;png;wav;mfcribbon-ms</Extensions>
    </Filter>
    <Filter Include="Source Files\api">
      <UniqueIdentifier>{dd544c35-f8aa-4e6c-9504-0565cc379822}</UniqueIdentifier>
    </Filter>
    <Filter Include="Source Files\lde64">
      <UniqueIdentifier>{850dfb75-eff3-4420-adde-cfae8d537337}</UniqueIdentifier>
    </Filter>
  </ItemGroup>
  <ItemGroup>
    <ClInclude Include="log.h">
      <Filter>Header Files</Filter>
    </ClInclude>
    <ClInclude Include="Thing.h">
      <Filter>Header Files</Filter>
    </ClInclude>
    <ClInclude Include="..\detourxs-master\detourxs.h">
      <Filter>Source Files\lde64</Filter>
    </ClInclude>
    <ClInclude Include="config.h">
      <Filter>Header Files</Filter>
    </ClInclude>
    <ClInclude Include="SimObj.h">
      <Filter>Header Files</Filter>
    </ClInclude>
    <ClInclude Include="..\skse64\src\skse64\skse64\GameRTTI.h">
      <Filter>Source Files\api</Filter>
    </ClInclude>
    <ClInclude Include="..\skse64\src\skse64\skse64\GameForms.h">
      <Filter>Source Files\api</Filter>
    </ClInclude>
    <ClInclude Include="..\skse64\src\skse64\skse64\GameAPI.h">
      <Filter>Source Files\api</Filter>
    </ClInclude>
    <ClInclude Include="..\skse64\src\skse64\skse64\NiNodes.h">
      <Filter>Source Files\api</Filter>
    </ClInclude>
    <ClInclude Include="..\skse64\src\skse64\skse64\GameTypes.h">
      <Filter>Source Files\api</Filter>
    </ClInclude>
    <ClInclude Include="..\skse64\src\skse64\skse64\NiTypes.h">
      <Filter>Source Files\api</Filter>
    </ClInclude>
    <ClInclude Include="..\skse64\src\skse64\skse64\NiObjects.h">
      <Filter>Source Files\api</Filter>
    </ClInclude>
  </ItemGroup>
  <ItemGroup>
    <ClCompile Include="log.cpp">
      <Filter>Source Files</Filter>
    </ClCompile>
    <ClCompile Include="main.cpp">
      <Filter>Source Files</Filter>
    </ClCompile>
    <ClCompile Include="hookD3D.cpp">
      <Filter>Source Files</Filter>
    </ClCompile>
    <ClCompile Include="scan.cpp">
      <Filter>Source Files</Filter>
    </ClCompile>
    <ClCompile Include="Thing.cpp">
      <Filter>Source Files</Filter>
    </ClCompile>
    <ClCompile Include="..\detourxs-master\detourxs.cpp">
      <Filter>Source Files\lde64</Filter>
    </ClCompile>
    <ClCompile Include="config.cpp">
      <Filter>Source Files</Filter>
    </ClCompile>
    <ClCompile Include="SimObj.cpp">
      <Filter>Source Files</Filter>
    </ClCompile>
    <ClCompile Include="..\skse64\src\skse64\skse64\GameRTTI.cpp">
      <Filter>Source Files\api</Filter>
    </ClCompile>
    <ClCompile Include="..\skse64\src\skse64\skse64\GameForms.cpp">
      <Filter>Source Files\api</Filter>
    </ClCompile>
    <ClCompile Include="..\skse64\src\skse64\skse64\GameAPI.cpp">
      <Filter>Source Files\api</Filter>
    </ClCompile>
    <ClCompile Include="..\skse64\src\skse64\skse64\NiNodes.cpp">
      <Filter>Source Files\api</Filter>
    </ClCompile>
    <ClCompile Include="..\skse64\src\skse64\skse64\GameTypes.cpp">
      <Filter>Source Files\api</Filter>
    </ClCompile>
    <ClCompile Include="..\skse64\src\skse64\skse64\NiTypes.cpp">
      <Filter>Source Files\api</Filter>
    </ClCompile>
    <ClCompile Include="..\skse64\src\skse64\skse64\NiObjects.cpp">
      <Filter>Source Files\api</Filter>
    </ClCompile>
  </ItemGroup>
  <ItemGroup>
    <None Include="exports.def">
      <Filter>Source Files</Filter>
    </None>
    <None Include="..\skse64\src\skse64\skse64\GameRTTI.inl">
      <Filter>Source Files\api</Filter>
    </None>
  </ItemGroup>
  <ItemGroup>
    <Library Include="..\detourxs-master\LDE64x64.lib">
      <Filter>Source Files\lde64</Filter>
    </Library>
  </ItemGroup>
</Project>